{
  "object": {
    "pins": [
      {
        "package": "Etcetera",
        "repositoryURL": "https://github.com/jaredsinclair/etcetera.git",
        "state": {
          "branch": "master",
          "revision": "d948f92d696db3ee61c2fcdfe8ed0c828fc7ad62",
          "version": null
        }
      }
    ]
  },
  "version": 1
}
