{
  "object": {
    "pins": [
      {
        "package": "Etcetera",
        "repositoryURL": "https://github.com/jaredsinclair/etcetera.git",
        "state": {
          "branch": "develop",
          "revision": "d9d41edfd88dc4632448f17bba66657d2e2ac67a",
          "version": null
        }
      }
    ]
  },
  "version": 1
}
