{
  "object": {
    "pins": [
      {
        "package": "Etcetera",
        "repositoryURL": "https://github.com/jaredsinclair/etcetera.git",
        "state": {
          "branch": "master",
          "revision": "38b1fe3d75628430ae03653e0730b66421005dc5",
          "version": null
        }
      }
    ]
  },
  "version": 1
}
